
Microsoft Visual Studio Solution File, Format Version 12.00
# Visual Studio Version 17
VisualStudioVersion = 17.13.35919.96
MinimumVisualStudioVersion = 10.0.40219.1
Project("{FAE04EC0-301F-11D3-BF4B-00C04F79EFBC}") = "Reservas.Api", "Reservas.Api\Reservas.Api.csproj", "{584CBBAA-8749-4DAB-831E-DB5F95A15DBA}"
EndProject
Project("{FAE04EC0-301F-11D3-BF4B-00C04F79EFBC}") = "Reservas.Testes", "Reservas.Testes\Reservas.Testes.csproj", "{C423B26C-62F0-4497-B51C-B61CC02B046F}"
EndProject
Global
	GlobalSection(SolutionConfigurationPlatforms) = preSolution
		Debug|Any CPU = Debug|Any CPU
		Release|Any CPU = Release|Any CPU
	EndGlobalSection
	GlobalSection(ProjectConfigurationPlatforms) = postSolution
		{584CBBAA-8749-4DAB-831E-DB5F95A15DBA}.Debug|Any CPU.ActiveCfg = Debug|Any CPU
		{584CBBAA-8749-4DAB-831E-DB5F95A15DBA}.Debug|Any CPU.Build.0 = Debug|Any CPU
		{584CBBAA-8749-4DAB-831E-DB5F95A15DBA}.Release|Any CPU.ActiveCfg = Release|Any CPU
		{584CBBAA-8749-4DAB-831E-DB5F95A15DBA}.Release|Any CPU.Build.0 = Release|Any CPU
		{C423B26C-62F0-4497-B51C-B61CC02B046F}.Debug|Any CPU.ActiveCfg = Debug|Any CPU
		{C423B26C-62F0-4497-B51C-B61CC02B046F}.Debug|Any CPU.Build.0 = Debug|Any CPU
		{C423B26C-62F0-4497-B51C-B61CC02B046F}.Release|Any CPU.ActiveCfg = Release|Any CPU
		{C423B26C-62F0-4497-B51C-B61CC02B046F}.Release|Any CPU.Build.0 = Release|Any CPU
	EndGlobalSection
	GlobalSection(SolutionProperties) = preSolution
		HideSolutionNode = FALSE
	EndGlobalSection
	GlobalSection(ExtensibilityGlobals) = postSolution
		SolutionGuid = {25780D06-DA15-44B5-B2C9-41FED047AD41}
	EndGlobalSection
EndGlobal
